{
  "nodes": {
    "aws-lc-src": {
      "flake": false,
      "locked": {
        "lastModified": 1723246446,
        "narHash": "sha256-gUTnSEpZFdM1BV5MFXnCJQ3c+y9srLZ31QGfFeiHokU=",
        "owner": "aws",
        "repo": "aws-lc",
        "rev": "94f021ba010cf604ed537062ccffb63a82e826d8",
        "type": "github"
      },
      "original": {
        "owner": "aws",
        "repo": "aws-lc",
        "type": "github"
      }
    },
    "linux-src": {
      "flake": false,
      "locked": {
        "lastModified": 1723264405,
        "narHash": "sha256-tEt6OCXhPCigOYqiBW2Qzw8rhR5EGBZddLNGn/v7QZg=",
        "owner": "torvalds",
        "repo": "linux",
        "rev": "34ac1e82e5a78d5ed7f647766f5b1b51ca4d983a",
        "type": "github"
      },
      "original": {
        "owner": "torvalds",
        "repo": "linux",
        "type": "github"
      }
    },
    "nixpkgs": {
      "locked": {
        "lastModified": 1723085761,
        "narHash": "sha256-dFCfC/6cBfVGlo7O+Sq54P28ORpFJJnBQcPq/k3khaM=",
        "owner": "nixos",
        "repo": "nixpkgs",
        "rev": "d390ce7dfa453024d16ce47b998b3a4d38d158d2",
        "type": "github"
      },
      "original": {
        "owner": "nixos",
        "ref": "pull/332918/head",
        "repo": "nixpkgs",
        "type": "github"
      }
    },
    "root": {
      "inputs": {
        "aws-lc-src": "aws-lc-src",
        "linux-src": "linux-src",
        "nixpkgs": "nixpkgs",
        "systems": "systems"
      }
    },
    "systems": {
      "locked": {
        "lastModified": 1681028828,
        "narHash": "sha256-Vy1rq5AaRuLzOxct8nz4T6wlgyUR7zLU309k9mBC768=",
        "owner": "nix-systems",
        "repo": "default",
        "rev": "da67096a3b9bf56a91d16901293e51ba5b49a27e",
        "type": "github"
      },
      "original": {
        "owner": "nix-systems",
        "repo": "default",
        "type": "github"
      }
    }
  },
  "root": "root",
  "version": 7
}
