{
  "nodes": {
    "aws-lc-src": {
      "flake": false,
      "locked": {
        "lastModified": 1723246446,
        "narHash": "sha256-gUTnSEpZFdM1BV5MFXnCJQ3c+y9srLZ31QGfFeiHokU=",
        "owner": "aws",
        "repo": "aws-lc",
        "rev": "94f021ba010cf604ed537062ccffb63a82e826d8",
        "type": "github"
      },
      "original": {
        "owner": "aws",
        "repo": "aws-lc",
        "type": "github"
      }
    },
    "nixpkgs": {
      "locked": {
        "lastModified": 1723267286,
        "narHash": "sha256-LOJJ5RqvBxJc8xnLqVk8PgTQ2nwtexknczb8L2KZ5gk=",
        "owner": "nixos",
        "repo": "nixpkgs",
        "rev": "0de8c9af78e6778fef7f145d43e35e4ccfa5dd23",
        "type": "github"
      },
      "original": {
        "owner": "nixos",
        "ref": "master",
        "repo": "nixpkgs",
        "type": "github"
      }
    },
    "root": {
      "inputs": {
        "aws-lc-src": "aws-lc-src",
        "nixpkgs": "nixpkgs",
        "systems": "systems"
      }
    },
    "systems": {
      "locked": {
        "lastModified": 1681028828,
        "narHash": "sha256-Vy1rq5AaRuLzOxct8nz4T6wlgyUR7zLU309k9mBC768=",
        "owner": "nix-systems",
        "repo": "default",
        "rev": "da67096a3b9bf56a91d16901293e51ba5b49a27e",
        "type": "github"
      },
      "original": {
        "owner": "nix-systems",
        "repo": "default",
        "type": "github"
      }
    }
  },
  "root": "root",
  "version": 7
}
